// !$*UTF8*$!
{
	archiveVersion = 1;
	classes = {
	};
	objectVersion = 56;
	objects = {

/* Begin PBXBuildFile section */
		680A08FE2ABC7FD900EC1048 /* ProgressViewController.swift in Sources */ = {isa = PBXBuildFile; fileRef = 680A08FD2ABC7FD900EC1048 /* ProgressViewController.swift */; };
		680A09062ABCCA8300EC1048 /* CollectionViewCell.swift in Sources */ = {isa = PBXBuildFile; fileRef = 680A09052ABCCA8300EC1048 /* CollectionViewCell.swift */; };
		680A09082ABCCAB000EC1048 /* CollectionViewController.swift in Sources */ = {isa = PBXBuildFile; fileRef = 680A09072ABCCAB000EC1048 /* CollectionViewController.swift */; };
		680A090A2ABCCAEC00EC1048 /* CollectionHeaderReusableView.swift in Sources */ = {isa = PBXBuildFile; fileRef = 680A09092ABCCAEC00EC1048 /* CollectionHeaderReusableView.swift */; };
		680A090C2ABCCAFF00EC1048 /* CollectionFooterReusableView.swift in Sources */ = {isa = PBXBuildFile; fileRef = 680A090B2ABCCAFF00EC1048 /* CollectionFooterReusableView.swift */; };
		680A090E2ABCCCD400EC1048 /* CollectionCompositeViewController.swift in Sources */ = {isa = PBXBuildFile; fileRef = 680A090D2ABCCCD400EC1048 /* CollectionCompositeViewController.swift */; };
		680A09102ABCCDA900EC1048 /* PageViewController.swift in Sources */ = {isa = PBXBuildFile; fileRef = 680A090F2ABCCDA900EC1048 /* PageViewController.swift */; };
		6815D7DB2A3D0A9B0036983D /* PreviewProvider.swift in Sources */ = {isa = PBXBuildFile; fileRef = 6815D7DA2A3D0A9B0036983D /* PreviewProvider.swift */; };
		6815D7DD2A3D0AF90036983D /* CGRectViewController.swift in Sources */ = {isa = PBXBuildFile; fileRef = 6815D7DC2A3D0AF90036983D /* CGRectViewController.swift */; };
		6815D7DF2A3D292B0036983D /* UIScreen+.swift in Sources */ = {isa = PBXBuildFile; fileRef = 6815D7DE2A3D292B0036983D /* UIScreen+.swift */; };
		6815D7E12A3D4B7A0036983D /* TableViewController.swift in Sources */ = {isa = PBXBuildFile; fileRef = 6815D7E02A3D4B7A0036983D /* TableViewController.swift */; };
		6815D7E32A3D4BC60036983D /* CustomTableViewController.swift in Sources */ = {isa = PBXBuildFile; fileRef = 6815D7E22A3D4BC60036983D /* CustomTableViewController.swift */; };
		6815D7E52A3D4BE50036983D /* CustomTableViewCell.swift in Sources */ = {isa = PBXBuildFile; fileRef = 6815D7E42A3D4BE50036983D /* CustomTableViewCell.swift */; };
		681AEF902AC86698001EACB6 /* SearchCollections.swift in Sources */ = {isa = PBXBuildFile; fileRef = 681AEF8F2AC86698001EACB6 /* SearchCollections.swift */; };
		681AEF922AC866BA001EACB6 /* DefaultCollectionCell.swift in Sources */ = {isa = PBXBuildFile; fileRef = 681AEF912AC866BA001EACB6 /* DefaultCollectionCell.swift */; };
		681AEF952AC8705E001EACB6 /* UserCollectionCell.swift in Sources */ = {isa = PBXBuildFile; fileRef = 681AEF942AC8705E001EACB6 /* UserCollectionCell.swift */; };
		681DB1A52AB3574A0034B8FD /* StepperViewController.swift in Sources */ = {isa = PBXBuildFile; fileRef = 681DB1A42AB3574A0034B8FD /* StepperViewController.swift */; };
		681DB1A82AB35F1D0034B8FD /* SliderViewController.swift in Sources */ = {isa = PBXBuildFile; fileRef = 681DB1A72AB35F1D0034B8FD /* SliderViewController.swift */; };
		681DB1AA2AB35FBC0034B8FD /* UIColor+.swift in Sources */ = {isa = PBXBuildFile; fileRef = 681DB1A92AB35FBC0034B8FD /* UIColor+.swift */; };
		683093B0296C7FDF00A7228A /* ButtonViewController.swift in Sources */ = {isa = PBXBuildFile; fileRef = 683093AF296C7FDF00A7228A /* ButtonViewController.swift */; };
		684F50132A8E84E00032985D /* ButtonCollectionViewController.swift in Sources */ = {isa = PBXBuildFile; fileRef = 684F50122A8E84E00032985D /* ButtonCollectionViewController.swift */; };
		684F50152A8E936D0032985D /* ButtonToggleViewController.swift in Sources */ = {isa = PBXBuildFile; fileRef = 684F50142A8E936C0032985D /* ButtonToggleViewController.swift */; };
		684F50172A8E9C9D0032985D /* ButtonSwitchViewController.swift in Sources */ = {isa = PBXBuildFile; fileRef = 684F50162A8E9C9D0032985D /* ButtonSwitchViewController.swift */; };
		684F50192A8EA0BF0032985D /* ButtonPopUpViewController.swift in Sources */ = {isa = PBXBuildFile; fileRef = 684F50182A8EA0BF0032985D /* ButtonPopUpViewController.swift */; };
		684F501B2A8EA0D90032985D /* ButtonPullDownViewController.swift in Sources */ = {isa = PBXBuildFile; fileRef = 684F501A2A8EA0D90032985D /* ButtonPullDownViewController.swift */; };
		684F501D2A8EA78A0032985D /* ButtonContextMenuViewController.swift in Sources */ = {isa = PBXBuildFile; fileRef = 684F501C2A8EA78A0032985D /* ButtonContextMenuViewController.swift */; };
		684F501F2A8EAA4F0032985D /* TextFieldViewController.swift in Sources */ = {isa = PBXBuildFile; fileRef = 684F501E2A8EAA4F0032985D /* TextFieldViewController.swift */; };
		684F50212A8EAABF0032985D /* UILabel+.swift in Sources */ = {isa = PBXBuildFile; fileRef = 684F50202A8EAABF0032985D /* UILabel+.swift */; };
		684F50232A8EAB720032985D /* UITextField+.swift in Sources */ = {isa = PBXBuildFile; fileRef = 684F50222A8EAB720032985D /* UITextField+.swift */; };
		684F50252A8EADEC0032985D /* UISegmentViewController.swift in Sources */ = {isa = PBXBuildFile; fileRef = 684F50242A8EADEC0032985D /* UISegmentViewController.swift */; };
		685829002AC7CE4E00DE4126 /* NavigationSearchViewController.swift in Sources */ = {isa = PBXBuildFile; fileRef = 685828FF2AC7CE4E00DE4126 /* NavigationSearchViewController.swift */; };
		685829022AC7D03800DE4126 /* UISearchBar+.swift in Sources */ = {isa = PBXBuildFile; fileRef = 685829012AC7D03800DE4126 /* UISearchBar+.swift */; };
		685829042AC7D17900DE4126 /* SearchBar.swift in Sources */ = {isa = PBXBuildFile; fileRef = 685829032AC7D17900DE4126 /* SearchBar.swift */; };
		68602E642A829B4F001349C8 /* AlertViewController.swift in Sources */ = {isa = PBXBuildFile; fileRef = 68602E632A829B4F001349C8 /* AlertViewController.swift */; };
		68665AF02A60FD4C006120E0 /* BasicCollectionViewCell.swift in Sources */ = {isa = PBXBuildFile; fileRef = 68665AEF2A60FD4C006120E0 /* BasicCollectionViewCell.swift */; };
		68665AF22A618134006120E0 /* UIControl+.swift in Sources */ = {isa = PBXBuildFile; fileRef = 68665AF12A618134006120E0 /* UIControl+.swift */; };
		68665AF82A6193E2006120E0 /* HStackViewController.swift in Sources */ = {isa = PBXBuildFile; fileRef = 68665AF72A6193E2006120E0 /* HStackViewController.swift */; };
		68665AFA2A6199DC006120E0 /* VStackViewController.swift in Sources */ = {isa = PBXBuildFile; fileRef = 68665AF92A6199DC006120E0 /* VStackViewController.swift */; };
		6866EBDF2ABE08D600E16F02 /* ScrollPageViewController.swift in Sources */ = {isa = PBXBuildFile; fileRef = 6866EBDE2ABE08D600E16F02 /* ScrollPageViewController.swift */; };
		6866EBE12ABE277200E16F02 /* StackPageViewController.swift in Sources */ = {isa = PBXBuildFile; fileRef = 6866EBE02ABE277200E16F02 /* StackPageViewController.swift */; };
		686A13C32A8EB188005A9C0C /* LabelPaddingViewController.swift in Sources */ = {isa = PBXBuildFile; fileRef = 686A13C22A8EB188005A9C0C /* LabelPaddingViewController.swift */; };
		686A13C52A8EB1BA005A9C0C /* LabelCollectionViewController.swift in Sources */ = {isa = PBXBuildFile; fileRef = 686A13C42A8EB1BA005A9C0C /* LabelCollectionViewController.swift */; };
		688F36282A362ACD00518039 /* LabelScrollViewController.swift in Sources */ = {isa = PBXBuildFile; fileRef = 688F36272A362ACD00518039 /* LabelScrollViewController.swift */; };
		6890A8BD2A1AB009004D619F /* AdvancedViewController.swift in Sources */ = {isa = PBXBuildFile; fileRef = 6890A8BC2A1AB009004D619F /* AdvancedViewController.swift */; };
		68981E0529FEC8F30085B887 /* TestViewController.swift in Sources */ = {isa = PBXBuildFile; fileRef = 68981E0429FEC8F30085B887 /* TestViewController.swift */; };
		68981E0729FEC9000085B887 /* SettingsViewController.swift in Sources */ = {isa = PBXBuildFile; fileRef = 68981E0629FEC9000085B887 /* SettingsViewController.swift */; };
		68981E0929FEC90F0085B887 /* HomeTabViewController.swift in Sources */ = {isa = PBXBuildFile; fileRef = 68981E0829FEC90F0085B887 /* HomeTabViewController.swift */; };
		68A588742A34DD8E00F0A8CD /* BasicCollectionViewController.swift in Sources */ = {isa = PBXBuildFile; fileRef = 68A588732A34DD8E00F0A8CD /* BasicCollectionViewController.swift */; };
		68A588762A34E5DF00F0A8CD /* LabelViewController.swift in Sources */ = {isa = PBXBuildFile; fileRef = 68A588752A34E5DF00F0A8CD /* LabelViewController.swift */; };
		68E3BB4B2A82858700874745 /* ButtonTypeViewController.swift in Sources */ = {isa = PBXBuildFile; fileRef = 68E3BB4A2A82858700874745 /* ButtonTypeViewController.swift */; };
		68E3BB4D2A828D6F00874745 /* UIViewController+.swift in Sources */ = {isa = PBXBuildFile; fileRef = 68E3BB4C2A828D6F00874745 /* UIViewController+.swift */; };
		68E3BB4F2A828E1800874745 /* ButtonFontViewController.swift in Sources */ = {isa = PBXBuildFile; fileRef = 68E3BB4E2A828E1800874745 /* ButtonFontViewController.swift */; };
		68E3BB512A82928600874745 /* ButtonCornerViewController.swift in Sources */ = {isa = PBXBuildFile; fileRef = 68E3BB502A82928600874745 /* ButtonCornerViewController.swift */; };
		68E81C302AC35F1200D1CBEC /* CollectionViewController+.swift in Sources */ = {isa = PBXBuildFile; fileRef = 68E81C2F2AC35F1200D1CBEC /* CollectionViewController+.swift */; };
		68E81C352AC3687400D1CBEC /* CollectionCompositeViewController+.swift in Sources */ = {isa = PBXBuildFile; fileRef = 68E81C342AC3687400D1CBEC /* CollectionCompositeViewController+.swift */; };
		68F0D08B2A829FD90021DD6D /* PickerViewController.swift in Sources */ = {isa = PBXBuildFile; fileRef = 68F0D08A2A829FD90021DD6D /* PickerViewController.swift */; };
		68F0D08D2A82A49F0021DD6D /* PickerInputViewController.swift in Sources */ = {isa = PBXBuildFile; fileRef = 68F0D08C2A82A49F0021DD6D /* PickerInputViewController.swift */; };
		68F2FF9B295DE025005A7737 /* AppDelegate.swift in Sources */ = {isa = PBXBuildFile; fileRef = 68F2FF9A295DE025005A7737 /* AppDelegate.swift */; };
		68F2FF9D295DE025005A7737 /* SceneDelegate.swift in Sources */ = {isa = PBXBuildFile; fileRef = 68F2FF9C295DE025005A7737 /* SceneDelegate.swift */; };
		68F2FF9F295DE025005A7737 /* ReminderListViewController.swift in Sources */ = {isa = PBXBuildFile; fileRef = 68F2FF9E295DE025005A7737 /* ReminderListViewController.swift */; };
		68F2FFA2295DE025005A7737 /* Main.storyboard in Resources */ = {isa = PBXBuildFile; fileRef = 68F2FFA0295DE025005A7737 /* Main.storyboard */; };
		68F2FFA4295DE027005A7737 /* Assets.xcassets in Resources */ = {isa = PBXBuildFile; fileRef = 68F2FFA3295DE027005A7737 /* Assets.xcassets */; };
		68F2FFA7295DE027005A7737 /* LaunchScreen.storyboard in Resources */ = {isa = PBXBuildFile; fileRef = 68F2FFA5295DE027005A7737 /* LaunchScreen.storyboard */; };
		68F2FFB2295DE027005A7737 /* Swift_UIKitTests.swift in Sources */ = {isa = PBXBuildFile; fileRef = 68F2FFB1295DE027005A7737 /* Swift_UIKitTests.swift */; };
		68F2FFBC295DE027005A7737 /* Swift_UIKitUITests.swift in Sources */ = {isa = PBXBuildFile; fileRef = 68F2FFBB295DE027005A7737 /* Swift_UIKitUITests.swift */; };
		68F2FFBE295DE027005A7737 /* Swift_UIKitUITestsLaunchTests.swift in Sources */ = {isa = PBXBuildFile; fileRef = 68F2FFBD295DE027005A7737 /* Swift_UIKitUITestsLaunchTests.swift */; };
		68F2FFD3295DEF1C005A7737 /* Controller+DataSource.swift in Sources */ = {isa = PBXBuildFile; fileRef = 68F2FFD2295DEF1C005A7737 /* Controller+DataSource.swift */; };
		68F2FFD7295DF87B005A7737 /* ReminderViewController+Section.swift in Sources */ = {isa = PBXBuildFile; fileRef = 68F2FFD6295DF87B005A7737 /* ReminderViewController+Section.swift */; };
		68F895A72AC9E5DC005A1C5A /* SearchBar+TextField.swift in Sources */ = {isa = PBXBuildFile; fileRef = 68F895A62AC9E5DC005A1C5A /* SearchBar+TextField.swift */; };
		68F895AE2AC9E9A3005A1C5A /* CollectionViewLayout.swift in Sources */ = {isa = PBXBuildFile; fileRef = 68F895AD2AC9E9A3005A1C5A /* CollectionViewLayout.swift */; };
		68F895B02ACA044F005A1C5A /* SearchResultViewController.swift in Sources */ = {isa = PBXBuildFile; fileRef = 68F895AF2ACA044F005A1C5A /* SearchResultViewController.swift */; };
		68FF942F2AC82EA30045EF19 /* SearchBarViewController.swift in Sources */ = {isa = PBXBuildFile; fileRef = 68FF942E2AC82EA30045EF19 /* SearchBarViewController.swift */; };
		68FF94312AC8337F0045EF19 /* ModelDataLoader.swift in Sources */ = {isa = PBXBuildFile; fileRef = 68FF94302AC8337F0045EF19 /* ModelDataLoader.swift */; };
		68FF94332AC8359A0045EF19 /* UserFake.json in Resources */ = {isa = PBXBuildFile; fileRef = 68FF94322AC8359A0045EF19 /* UserFake.json */; };
		68FF94352AC8369E0045EF19 /* User.swift in Sources */ = {isa = PBXBuildFile; fileRef = 68FF94342AC8369E0045EF19 /* User.swift */; };
		6E3C5F624CB4F8350320315A /* Pods_Swift_UIKit.framework in Frameworks */ = {isa = PBXBuildFile; fileRef = 5CF7D0FB1CE0F38B56D7FE4C /* Pods_Swift_UIKit.framework */; };
		6EE20D377F5E08653A9B39F6 /* Pods_Swift_UIKitTests.framework in Frameworks */ = {isa = PBXBuildFile; fileRef = 492BC56ADD1404AA14782F30 /* Pods_Swift_UIKitTests.framework */; };
		7567BD17F3C964814EC2EE3B /* Pods_Swift_UIKit_Swift_UIKitUITests.framework in Frameworks */ = {isa = PBXBuildFile; fileRef = 4CD608D5B9CF056C6C6BC12E /* Pods_Swift_UIKit_Swift_UIKitUITests.framework */; };
/* End PBXBuildFile section */

/* Begin PBXContainerItemProxy section */
		68F2FFAE295DE027005A7737 /* PBXContainerItemProxy */ = {
			isa = PBXContainerItemProxy;
			containerPortal = 68F2FF8F295DE025005A7737 /* Project object */;
			proxyType = 1;
			remoteGlobalIDString = 68F2FF96295DE025005A7737;
			remoteInfo = "Swift-UIKit";
		};
		68F2FFB8295DE027005A7737 /* PBXContainerItemProxy */ = {
			isa = PBXContainerItemProxy;
			containerPortal = 68F2FF8F295DE025005A7737 /* Project object */;
			proxyType = 1;
			remoteGlobalIDString = 68F2FF96295DE025005A7737;
			remoteInfo = "Swift-UIKit";
		};
/* End PBXContainerItemProxy section */

/* Begin PBXFileReference section */
		492BC56ADD1404AA14782F30 /* Pods_Swift_UIKitTests.framework */ = {isa = PBXFileReference; explicitFileType = wrapper.framework; includeInIndex = 0; path = Pods_Swift_UIKitTests.framework; sourceTree = BUILT_PRODUCTS_DIR; };
		4CD608D5B9CF056C6C6BC12E /* Pods_Swift_UIKit_Swift_UIKitUITests.framework */ = {isa = PBXFileReference; explicitFileType = wrapper.framework; includeInIndex = 0; path = Pods_Swift_UIKit_Swift_UIKitUITests.framework; sourceTree = BUILT_PRODUCTS_DIR; };
		531167DACD1AFCC2BC862C78 /* Pods-Swift-UIKit.release.xcconfig */ = {isa = PBXFileReference; includeInIndex = 1; lastKnownFileType = text.xcconfig; name = "Pods-Swift-UIKit.release.xcconfig"; path = "Target Support Files/Pods-Swift-UIKit/Pods-Swift-UIKit.release.xcconfig"; sourceTree = "<group>"; };
		5CF7D0FB1CE0F38B56D7FE4C /* Pods_Swift_UIKit.framework */ = {isa = PBXFileReference; explicitFileType = wrapper.framework; includeInIndex = 0; path = Pods_Swift_UIKit.framework; sourceTree = BUILT_PRODUCTS_DIR; };
		680A08FD2ABC7FD900EC1048 /* ProgressViewController.swift */ = {isa = PBXFileReference; lastKnownFileType = sourcecode.swift; path = ProgressViewController.swift; sourceTree = "<group>"; };
		680A09052ABCCA8300EC1048 /* CollectionViewCell.swift */ = {isa = PBXFileReference; lastKnownFileType = sourcecode.swift; path = CollectionViewCell.swift; sourceTree = "<group>"; };
		680A09072ABCCAB000EC1048 /* CollectionViewController.swift */ = {isa = PBXFileReference; lastKnownFileType = sourcecode.swift; path = CollectionViewController.swift; sourceTree = "<group>"; };
		680A09092ABCCAEC00EC1048 /* CollectionHeaderReusableView.swift */ = {isa = PBXFileReference; lastKnownFileType = sourcecode.swift; path = CollectionHeaderReusableView.swift; sourceTree = "<group>"; };
		680A090B2ABCCAFF00EC1048 /* CollectionFooterReusableView.swift */ = {isa = PBXFileReference; lastKnownFileType = sourcecode.swift; path = CollectionFooterReusableView.swift; sourceTree = "<group>"; };
		680A090D2ABCCCD400EC1048 /* CollectionCompositeViewController.swift */ = {isa = PBXFileReference; lastKnownFileType = sourcecode.swift; path = CollectionCompositeViewController.swift; sourceTree = "<group>"; };
		680A090F2ABCCDA900EC1048 /* PageViewController.swift */ = {isa = PBXFileReference; lastKnownFileType = sourcecode.swift; path = PageViewController.swift; sourceTree = "<group>"; };
		6815D7DA2A3D0A9B0036983D /* PreviewProvider.swift */ = {isa = PBXFileReference; lastKnownFileType = sourcecode.swift; path = PreviewProvider.swift; sourceTree = "<group>"; };
		6815D7DC2A3D0AF90036983D /* CGRectViewController.swift */ = {isa = PBXFileReference; lastKnownFileType = sourcecode.swift; path = CGRectViewController.swift; sourceTree = "<group>"; };
		6815D7DE2A3D292B0036983D /* UIScreen+.swift */ = {isa = PBXFileReference; lastKnownFileType = sourcecode.swift; path = "UIScreen+.swift"; sourceTree = "<group>"; };
		6815D7E02A3D4B7A0036983D /* TableViewController.swift */ = {isa = PBXFileReference; lastKnownFileType = sourcecode.swift; path = TableViewController.swift; sourceTree = "<group>"; };
		6815D7E22A3D4BC60036983D /* CustomTableViewController.swift */ = {isa = PBXFileReference; lastKnownFileType = sourcecode.swift; path = CustomTableViewController.swift; sourceTree = "<group>"; };
		6815D7E42A3D4BE50036983D /* CustomTableViewCell.swift */ = {isa = PBXFileReference; lastKnownFileType = sourcecode.swift; path = CustomTableViewCell.swift; sourceTree = "<group>"; };
		681AEF8F2AC86698001EACB6 /* SearchCollections.swift */ = {isa = PBXFileReference; lastKnownFileType = sourcecode.swift; path = SearchCollections.swift; sourceTree = "<group>"; };
		681AEF912AC866BA001EACB6 /* DefaultCollectionCell.swift */ = {isa = PBXFileReference; lastKnownFileType = sourcecode.swift; path = DefaultCollectionCell.swift; sourceTree = "<group>"; };
		681AEF942AC8705E001EACB6 /* UserCollectionCell.swift */ = {isa = PBXFileReference; lastKnownFileType = sourcecode.swift; path = UserCollectionCell.swift; sourceTree = "<group>"; };
		681DB1A42AB3574A0034B8FD /* StepperViewController.swift */ = {isa = PBXFileReference; lastKnownFileType = sourcecode.swift; path = StepperViewController.swift; sourceTree = "<group>"; };
		681DB1A72AB35F1D0034B8FD /* SliderViewController.swift */ = {isa = PBXFileReference; lastKnownFileType = sourcecode.swift; path = SliderViewController.swift; sourceTree = "<group>"; };
		681DB1A92AB35FBC0034B8FD /* UIColor+.swift */ = {isa = PBXFileReference; lastKnownFileType = sourcecode.swift; path = "UIColor+.swift"; sourceTree = "<group>"; };
		683093AF296C7FDF00A7228A /* ButtonViewController.swift */ = {isa = PBXFileReference; lastKnownFileType = sourcecode.swift; path = ButtonViewController.swift; sourceTree = "<group>"; };
		684F50122A8E84E00032985D /* ButtonCollectionViewController.swift */ = {isa = PBXFileReference; lastKnownFileType = sourcecode.swift; path = ButtonCollectionViewController.swift; sourceTree = "<group>"; };
		684F50142A8E936C0032985D /* ButtonToggleViewController.swift */ = {isa = PBXFileReference; lastKnownFileType = sourcecode.swift; path = ButtonToggleViewController.swift; sourceTree = "<group>"; };
		684F50162A8E9C9D0032985D /* ButtonSwitchViewController.swift */ = {isa = PBXFileReference; lastKnownFileType = sourcecode.swift; path = ButtonSwitchViewController.swift; sourceTree = "<group>"; };
		684F50182A8EA0BF0032985D /* ButtonPopUpViewController.swift */ = {isa = PBXFileReference; lastKnownFileType = sourcecode.swift; path = ButtonPopUpViewController.swift; sourceTree = "<group>"; };
		684F501A2A8EA0D90032985D /* ButtonPullDownViewController.swift */ = {isa = PBXFileReference; lastKnownFileType = sourcecode.swift; path = ButtonPullDownViewController.swift; sourceTree = "<group>"; };
		684F501C2A8EA78A0032985D /* ButtonContextMenuViewController.swift */ = {isa = PBXFileReference; lastKnownFileType = sourcecode.swift; path = ButtonContextMenuViewController.swift; sourceTree = "<group>"; };
		684F501E2A8EAA4F0032985D /* TextFieldViewController.swift */ = {isa = PBXFileReference; lastKnownFileType = sourcecode.swift; path = TextFieldViewController.swift; sourceTree = "<group>"; };
		684F50202A8EAABF0032985D /* UILabel+.swift */ = {isa = PBXFileReference; lastKnownFileType = sourcecode.swift; path = "UILabel+.swift"; sourceTree = "<group>"; };
		684F50222A8EAB720032985D /* UITextField+.swift */ = {isa = PBXFileReference; lastKnownFileType = sourcecode.swift; path = "UITextField+.swift"; sourceTree = "<group>"; };
		684F50242A8EADEC0032985D /* UISegmentViewController.swift */ = {isa = PBXFileReference; lastKnownFileType = sourcecode.swift; path = UISegmentViewController.swift; sourceTree = "<group>"; };
		685828FF2AC7CE4E00DE4126 /* NavigationSearchViewController.swift */ = {isa = PBXFileReference; lastKnownFileType = sourcecode.swift; path = NavigationSearchViewController.swift; sourceTree = "<group>"; };
		685829012AC7D03800DE4126 /* UISearchBar+.swift */ = {isa = PBXFileReference; lastKnownFileType = sourcecode.swift; path = "UISearchBar+.swift"; sourceTree = "<group>"; };
		685829032AC7D17900DE4126 /* SearchBar.swift */ = {isa = PBXFileReference; lastKnownFileType = sourcecode.swift; path = SearchBar.swift; sourceTree = "<group>"; };
		68602E632A829B4F001349C8 /* AlertViewController.swift */ = {isa = PBXFileReference; lastKnownFileType = sourcecode.swift; path = AlertViewController.swift; sourceTree = "<group>"; };
		68665AEF2A60FD4C006120E0 /* BasicCollectionViewCell.swift */ = {isa = PBXFileReference; lastKnownFileType = sourcecode.swift; path = BasicCollectionViewCell.swift; sourceTree = "<group>"; };
		68665AF12A618134006120E0 /* UIControl+.swift */ = {isa = PBXFileReference; lastKnownFileType = sourcecode.swift; path = "UIControl+.swift"; sourceTree = "<group>"; };
		68665AF72A6193E2006120E0 /* HStackViewController.swift */ = {isa = PBXFileReference; lastKnownFileType = sourcecode.swift; path = HStackViewController.swift; sourceTree = "<group>"; };
		68665AF92A6199DC006120E0 /* VStackViewController.swift */ = {isa = PBXFileReference; lastKnownFileType = sourcecode.swift; path = VStackViewController.swift; sourceTree = "<group>"; };
		6866EBDE2ABE08D600E16F02 /* ScrollPageViewController.swift */ = {isa = PBXFileReference; lastKnownFileType = sourcecode.swift; path = ScrollPageViewController.swift; sourceTree = "<group>"; };
		6866EBE02ABE277200E16F02 /* StackPageViewController.swift */ = {isa = PBXFileReference; lastKnownFileType = sourcecode.swift; path = StackPageViewController.swift; sourceTree = "<group>"; };
		686A13C22A8EB188005A9C0C /* LabelPaddingViewController.swift */ = {isa = PBXFileReference; lastKnownFileType = sourcecode.swift; path = LabelPaddingViewController.swift; sourceTree = "<group>"; };
		686A13C42A8EB1BA005A9C0C /* LabelCollectionViewController.swift */ = {isa = PBXFileReference; lastKnownFileType = sourcecode.swift; path = LabelCollectionViewController.swift; sourceTree = "<group>"; };
		688F36272A362ACD00518039 /* LabelScrollViewController.swift */ = {isa = PBXFileReference; lastKnownFileType = sourcecode.swift; path = LabelScrollViewController.swift; sourceTree = "<group>"; };
		6890A8BC2A1AB009004D619F /* AdvancedViewController.swift */ = {isa = PBXFileReference; lastKnownFileType = sourcecode.swift; path = AdvancedViewController.swift; sourceTree = "<group>"; };
		68981E0429FEC8F30085B887 /* TestViewController.swift */ = {isa = PBXFileReference; lastKnownFileType = sourcecode.swift; path = TestViewController.swift; sourceTree = "<group>"; };
		68981E0629FEC9000085B887 /* SettingsViewController.swift */ = {isa = PBXFileReference; lastKnownFileType = sourcecode.swift; path = SettingsViewController.swift; sourceTree = "<group>"; };
		68981E0829FEC90F0085B887 /* HomeTabViewController.swift */ = {isa = PBXFileReference; lastKnownFileType = sourcecode.swift; path = HomeTabViewController.swift; sourceTree = "<group>"; };
		68A588732A34DD8E00F0A8CD /* BasicCollectionViewController.swift */ = {isa = PBXFileReference; lastKnownFileType = sourcecode.swift; path = BasicCollectionViewController.swift; sourceTree = "<group>"; };
		68A588752A34E5DF00F0A8CD /* LabelViewController.swift */ = {isa = PBXFileReference; lastKnownFileType = sourcecode.swift; path = LabelViewController.swift; sourceTree = "<group>"; };
		68E3BB4A2A82858700874745 /* ButtonTypeViewController.swift */ = {isa = PBXFileReference; lastKnownFileType = sourcecode.swift; path = ButtonTypeViewController.swift; sourceTree = "<group>"; };
		68E3BB4C2A828D6F00874745 /* UIViewController+.swift */ = {isa = PBXFileReference; lastKnownFileType = sourcecode.swift; path = "UIViewController+.swift"; sourceTree = "<group>"; };
		68E3BB4E2A828E1800874745 /* ButtonFontViewController.swift */ = {isa = PBXFileReference; lastKnownFileType = sourcecode.swift; path = ButtonFontViewController.swift; sourceTree = "<group>"; };
		68E3BB502A82928600874745 /* ButtonCornerViewController.swift */ = {isa = PBXFileReference; lastKnownFileType = sourcecode.swift; path = ButtonCornerViewController.swift; sourceTree = "<group>"; };
		68E81C2F2AC35F1200D1CBEC /* CollectionViewController+.swift */ = {isa = PBXFileReference; lastKnownFileType = sourcecode.swift; path = "CollectionViewController+.swift"; sourceTree = "<group>"; };
		68E81C342AC3687400D1CBEC /* CollectionCompositeViewController+.swift */ = {isa = PBXFileReference; lastKnownFileType = sourcecode.swift; path = "CollectionCompositeViewController+.swift"; sourceTree = "<group>"; };
		68F0D08A2A829FD90021DD6D /* PickerViewController.swift */ = {isa = PBXFileReference; lastKnownFileType = sourcecode.swift; path = PickerViewController.swift; sourceTree = "<group>"; };
		68F0D08C2A82A49F0021DD6D /* PickerInputViewController.swift */ = {isa = PBXFileReference; lastKnownFileType = sourcecode.swift; path = PickerInputViewController.swift; sourceTree = "<group>"; };
		68F2FF97295DE025005A7737 /* Swift-UIKit.app */ = {isa = PBXFileReference; explicitFileType = wrapper.application; includeInIndex = 0; path = "Swift-UIKit.app"; sourceTree = BUILT_PRODUCTS_DIR; };
		68F2FF9A295DE025005A7737 /* AppDelegate.swift */ = {isa = PBXFileReference; lastKnownFileType = sourcecode.swift; path = AppDelegate.swift; sourceTree = "<group>"; };
		68F2FF9C295DE025005A7737 /* SceneDelegate.swift */ = {isa = PBXFileReference; lastKnownFileType = sourcecode.swift; path = SceneDelegate.swift; sourceTree = "<group>"; };
		68F2FF9E295DE025005A7737 /* ReminderListViewController.swift */ = {isa = PBXFileReference; lastKnownFileType = sourcecode.swift; path = ReminderListViewController.swift; sourceTree = "<group>"; };
		68F2FFA1295DE025005A7737 /* Base */ = {isa = PBXFileReference; lastKnownFileType = file.storyboard; name = Base; path = Base.lproj/Main.storyboard; sourceTree = "<group>"; };
		68F2FFA3295DE027005A7737 /* Assets.xcassets */ = {isa = PBXFileReference; lastKnownFileType = folder.assetcatalog; path = Assets.xcassets; sourceTree = "<group>"; };
		68F2FFA6295DE027005A7737 /* Base */ = {isa = PBXFileReference; lastKnownFileType = file.storyboard; name = Base; path = Base.lproj/LaunchScreen.storyboard; sourceTree = "<group>"; };
		68F2FFA8295DE027005A7737 /* Info.plist */ = {isa = PBXFileReference; lastKnownFileType = text.plist.xml; path = Info.plist; sourceTree = "<group>"; };
		68F2FFAD295DE027005A7737 /* Swift-UIKitTests.xctest */ = {isa = PBXFileReference; explicitFileType = wrapper.cfbundle; includeInIndex = 0; path = "Swift-UIKitTests.xctest"; sourceTree = BUILT_PRODUCTS_DIR; };
		68F2FFB1295DE027005A7737 /* Swift_UIKitTests.swift */ = {isa = PBXFileReference; lastKnownFileType = sourcecode.swift; path = Swift_UIKitTests.swift; sourceTree = "<group>"; };
		68F2FFB7295DE027005A7737 /* Swift-UIKitUITests.xctest */ = {isa = PBXFileReference; explicitFileType = wrapper.cfbundle; includeInIndex = 0; path = "Swift-UIKitUITests.xctest"; sourceTree = BUILT_PRODUCTS_DIR; };
		68F2FFBB295DE027005A7737 /* Swift_UIKitUITests.swift */ = {isa = PBXFileReference; lastKnownFileType = sourcecode.swift; path = Swift_UIKitUITests.swift; sourceTree = "<group>"; };
		68F2FFBD295DE027005A7737 /* Swift_UIKitUITestsLaunchTests.swift */ = {isa = PBXFileReference; lastKnownFileType = sourcecode.swift; path = Swift_UIKitUITestsLaunchTests.swift; sourceTree = "<group>"; };
		68F2FFD2295DEF1C005A7737 /* Controller+DataSource.swift */ = {isa = PBXFileReference; lastKnownFileType = sourcecode.swift; path = "Controller+DataSource.swift"; sourceTree = "<group>"; };
		68F2FFD6295DF87B005A7737 /* ReminderViewController+Section.swift */ = {isa = PBXFileReference; lastKnownFileType = sourcecode.swift; path = "ReminderViewController+Section.swift"; sourceTree = "<group>"; };
		68F895A62AC9E5DC005A1C5A /* SearchBar+TextField.swift */ = {isa = PBXFileReference; lastKnownFileType = sourcecode.swift; path = "SearchBar+TextField.swift"; sourceTree = "<group>"; };
		68F895AD2AC9E9A3005A1C5A /* CollectionViewLayout.swift */ = {isa = PBXFileReference; lastKnownFileType = sourcecode.swift; path = CollectionViewLayout.swift; sourceTree = "<group>"; };
		68F895AF2ACA044F005A1C5A /* SearchResultViewController.swift */ = {isa = PBXFileReference; lastKnownFileType = sourcecode.swift; path = SearchResultViewController.swift; sourceTree = "<group>"; };
		68FF942E2AC82EA30045EF19 /* SearchBarViewController.swift */ = {isa = PBXFileReference; lastKnownFileType = sourcecode.swift; path = SearchBarViewController.swift; sourceTree = "<group>"; };
		68FF94302AC8337F0045EF19 /* ModelDataLoader.swift */ = {isa = PBXFileReference; lastKnownFileType = sourcecode.swift; path = ModelDataLoader.swift; sourceTree = "<group>"; };
		68FF94322AC8359A0045EF19 /* UserFake.json */ = {isa = PBXFileReference; lastKnownFileType = text.json; path = UserFake.json; sourceTree = "<group>"; };
		68FF94342AC8369E0045EF19 /* User.swift */ = {isa = PBXFileReference; lastKnownFileType = sourcecode.swift; path = User.swift; sourceTree = "<group>"; };
		8AF0AD3FEB18648D0EE90C28 /* Pods-Swift-UIKitTests.release.xcconfig */ = {isa = PBXFileReference; includeInIndex = 1; lastKnownFileType = text.xcconfig; name = "Pods-Swift-UIKitTests.release.xcconfig"; path = "Target Support Files/Pods-Swift-UIKitTests/Pods-Swift-UIKitTests.release.xcconfig"; sourceTree = "<group>"; };
		9E4A6F9FEC929E971283FB99 /* Pods-Swift-UIKit-Swift-UIKitUITests.debug.xcconfig */ = {isa = PBXFileReference; includeInIndex = 1; lastKnownFileType = text.xcconfig; name = "Pods-Swift-UIKit-Swift-UIKitUITests.debug.xcconfig"; path = "Target Support Files/Pods-Swift-UIKit-Swift-UIKitUITests/Pods-Swift-UIKit-Swift-UIKitUITests.debug.xcconfig"; sourceTree = "<group>"; };
		A47E3ECDBE71D1ABCA3CAC42 /* Pods-Swift-UIKit-Swift-UIKitUITests.release.xcconfig */ = {isa = PBXFileReference; includeInIndex = 1; lastKnownFileType = text.xcconfig; name = "Pods-Swift-UIKit-Swift-UIKitUITests.release.xcconfig"; path = "Target Support Files/Pods-Swift-UIKit-Swift-UIKitUITests/Pods-Swift-UIKit-Swift-UIKitUITests.release.xcconfig"; sourceTree = "<group>"; };
		C8D18FFFCD0782DB466BCDDA /* Pods-Swift-UIKit.debug.xcconfig */ = {isa = PBXFileReference; includeInIndex = 1; lastKnownFileType = text.xcconfig; name = "Pods-Swift-UIKit.debug.xcconfig"; path = "Target Support Files/Pods-Swift-UIKit/Pods-Swift-UIKit.debug.xcconfig"; sourceTree = "<group>"; };
		DBEB2EA065FC6474F03BE025 /* Pods-Swift-UIKitTests.debug.xcconfig */ = {isa = PBXFileReference; includeInIndex = 1; lastKnownFileType = text.xcconfig; name = "Pods-Swift-UIKitTests.debug.xcconfig"; path = "Target Support Files/Pods-Swift-UIKitTests/Pods-Swift-UIKitTests.debug.xcconfig"; sourceTree = "<group>"; };
/* End PBXFileReference section */

/* Begin PBXFrameworksBuildPhase section */
		68F2FF94295DE025005A7737 /* Frameworks */ = {
			isa = PBXFrameworksBuildPhase;
			buildActionMask = 2147483647;
			files = (
				6E3C5F624CB4F8350320315A /* Pods_Swift_UIKit.framework in Frameworks */,
			);
			runOnlyForDeploymentPostprocessing = 0;
		};
		68F2FFAA295DE027005A7737 /* Frameworks */ = {
			isa = PBXFrameworksBuildPhase;
			buildActionMask = 2147483647;
			files = (
				6EE20D377F5E08653A9B39F6 /* Pods_Swift_UIKitTests.framework in Frameworks */,
			);
			runOnlyForDeploymentPostprocessing = 0;
		};
		68F2FFB4295DE027005A7737 /* Frameworks */ = {
			isa = PBXFrameworksBuildPhase;
			buildActionMask = 2147483647;
			files = (
				7567BD17F3C964814EC2EE3B /* Pods_Swift_UIKit_Swift_UIKitUITests.framework in Frameworks */,
			);
			runOnlyForDeploymentPostprocessing = 0;
		};
/* End PBXFrameworksBuildPhase section */

/* Begin PBXGroup section */
		680A08FF2ABC894A00EC1048 /* Progress */ = {
			isa = PBXGroup;
			children = (
				680A08FD2ABC7FD900EC1048 /* ProgressViewController.swift */,
			);
			path = Progress;
			sourceTree = "<group>";
		};
		680A09002ABC895700EC1048 /* Slider */ = {
			isa = PBXGroup;
			children = (
				681DB1A72AB35F1D0034B8FD /* SliderViewController.swift */,
			);
			path = Slider;
			sourceTree = "<group>";
		};
		680A09012ABC89CB00EC1048 /* Segment */ = {
			isa = PBXGroup;
			children = (
				684F50242A8EADEC0032985D /* UISegmentViewController.swift */,
			);
			path = Segment;
			sourceTree = "<group>";
		};
		680A09022ABC92F300EC1048 /* Table */ = {
			isa = PBXGroup;
			children = (
				6815D7E02A3D4B7A0036983D /* TableViewController.swift */,
				6815D7E22A3D4BC60036983D /* CustomTableViewController.swift */,
				6815D7E42A3D4BE50036983D /* CustomTableViewCell.swift */,
			);
			path = Table;
			sourceTree = "<group>";
		};
		680A09032ABC92FC00EC1048 /* Alert */ = {
			isa = PBXGroup;
			children = (
				68602E632A829B4F001349C8 /* AlertViewController.swift */,
			);
			path = Alert;
			sourceTree = "<group>";
		};
		680A09042ABCCA4900EC1048 /* Collection */ = {
			isa = PBXGroup;
			children = (
				68E81C322AC3683D00D1CBEC /* Common */,
				68E81C312AC35F9400D1CBEC /* FlowLayout */,
				68E81C332AC3684B00D1CBEC /* ComposionalLayout */,
			);
			path = Collection;
			sourceTree = "<group>";
		};
		680A09112ABCCDAD00EC1048 /* pagecontrol */ = {
			isa = PBXGroup;
			children = (
				680A090F2ABCCDA900EC1048 /* PageViewController.swift */,
				6866EBDE2ABE08D600E16F02 /* ScrollPageViewController.swift */,
				6866EBE02ABE277200E16F02 /* StackPageViewController.swift */,
			);
			path = pagecontrol;
			sourceTree = "<group>";
		};
		6815D7D92A3D0A7F0036983D /* Utils */ = {
			isa = PBXGroup;
			children = (
				685829012AC7D03800DE4126 /* UISearchBar+.swift */,
				6815D7DA2A3D0A9B0036983D /* PreviewProvider.swift */,
				6815D7DE2A3D292B0036983D /* UIScreen+.swift */,
				681DB1A92AB35FBC0034B8FD /* UIColor+.swift */,
				68665AF12A618134006120E0 /* UIControl+.swift */,
				68E3BB4C2A828D6F00874745 /* UIViewController+.swift */,
				684F50202A8EAABF0032985D /* UILabel+.swift */,
				684F50222A8EAB720032985D /* UITextField+.swift */,
				68FF94302AC8337F0045EF19 /* ModelDataLoader.swift */,
				68F895AD2AC9E9A3005A1C5A /* CollectionViewLayout.swift */,
			);
			name = Utils;
			sourceTree = "<group>";
		};
		681AEF932AC8704B001EACB6 /* ViewComponents */ = {
			isa = PBXGroup;
			children = (
				681AEF942AC8705E001EACB6 /* UserCollectionCell.swift */,
				681AEF912AC866BA001EACB6 /* DefaultCollectionCell.swift */,
			);
			path = ViewComponents;
			sourceTree = "<group>";
		};
		681DB1A62AB3574E0034B8FD /* Stepper */ = {
			isa = PBXGroup;
			children = (
				681DB1A42AB3574A0034B8FD /* StepperViewController.swift */,
			);
			path = Stepper;
			sourceTree = "<group>";
		};
		6865017B2A3C657F00DF6562 /* Views */ = {
			isa = PBXGroup;
			children = (
				68981E0829FEC90F0085B887 /* HomeTabViewController.swift */,
				6865017C2A3C65DA00DF6562 /* Basic */,
				6815D7DC2A3D0AF90036983D /* CGRectViewController.swift */,
			);
			path = Views;
			sourceTree = "<group>";
		};
		6865017C2A3C65DA00DF6562 /* Basic */ = {
			isa = PBXGroup;
			children = (
				68A588732A34DD8E00F0A8CD /* BasicCollectionViewController.swift */,
				68665AEF2A60FD4C006120E0 /* BasicCollectionViewCell.swift */,
				6865017D2A3C65F200DF6562 /* Button */,
				6865017E2A3C661C00DF6562 /* Label */,
				689A186E2AA7CFFD00F4F065 /* TextField */,
				68665AFB2A6199E1006120E0 /* Stack */,
				680A09022ABC92F300EC1048 /* Table */,
				680A09042ABCCA4900EC1048 /* Collection */,
				680A09032ABC92FC00EC1048 /* Alert */,
				68F0D08E2A82A4A50021DD6D /* Picker */,
				680A09012ABC89CB00EC1048 /* Segment */,
				681DB1A62AB3574E0034B8FD /* Stepper */,
				680A09002ABC895700EC1048 /* Slider */,
				680A08FF2ABC894A00EC1048 /* Progress */,
				680A09112ABCCDAD00EC1048 /* pagecontrol */,
				68F895AA2AC9E784005A1C5A /* Search */,
			);
			path = Basic;
			sourceTree = "<group>";
		};
		6865017D2A3C65F200DF6562 /* Button */ = {
			isa = PBXGroup;
			children = (
				684F50122A8E84E00032985D /* ButtonCollectionViewController.swift */,
				683093AF296C7FDF00A7228A /* ButtonViewController.swift */,
				68E3BB4A2A82858700874745 /* ButtonTypeViewController.swift */,
				68E3BB4E2A828E1800874745 /* ButtonFontViewController.swift */,
				68E3BB502A82928600874745 /* ButtonCornerViewController.swift */,
				684F50142A8E936C0032985D /* ButtonToggleViewController.swift */,
				684F50162A8E9C9D0032985D /* ButtonSwitchViewController.swift */,
				684F50182A8EA0BF0032985D /* ButtonPopUpViewController.swift */,
				684F501A2A8EA0D90032985D /* ButtonPullDownViewController.swift */,
				684F501C2A8EA78A0032985D /* ButtonContextMenuViewController.swift */,
			);
			path = Button;
			sourceTree = "<group>";
		};
		6865017E2A3C661C00DF6562 /* Label */ = {
			isa = PBXGroup;
			children = (
				686A13C42A8EB1BA005A9C0C /* LabelCollectionViewController.swift */,
				68A588752A34E5DF00F0A8CD /* LabelViewController.swift */,
				686A13C22A8EB188005A9C0C /* LabelPaddingViewController.swift */,
				688F36272A362ACD00518039 /* LabelScrollViewController.swift */,
			);
			path = Label;
			sourceTree = "<group>";
		};
		68665AFB2A6199E1006120E0 /* Stack */ = {
			isa = PBXGroup;
			children = (
				68665AF72A6193E2006120E0 /* HStackViewController.swift */,
				68665AF92A6199DC006120E0 /* VStackViewController.swift */,
			);
			path = Stack;
			sourceTree = "<group>";
		};
		689A186E2AA7CFFD00F4F065 /* TextField */ = {
			isa = PBXGroup;
			children = (
				684F501E2A8EAA4F0032985D /* TextFieldViewController.swift */,
			);
			path = TextField;
			sourceTree = "<group>";
		};
		68E81C312AC35F9400D1CBEC /* FlowLayout */ = {
			isa = PBXGroup;
			children = (
				680A09072ABCCAB000EC1048 /* CollectionViewController.swift */,
				68E81C2F2AC35F1200D1CBEC /* CollectionViewController+.swift */,
			);
			path = FlowLayout;
			sourceTree = "<group>";
		};
		68E81C322AC3683D00D1CBEC /* Common */ = {
			isa = PBXGroup;
			children = (
				680A09052ABCCA8300EC1048 /* CollectionViewCell.swift */,
				680A09092ABCCAEC00EC1048 /* CollectionHeaderReusableView.swift */,
				680A090B2ABCCAFF00EC1048 /* CollectionFooterReusableView.swift */,
			);
			path = Common;
			sourceTree = "<group>";
		};
		68E81C332AC3684B00D1CBEC /* ComposionalLayout */ = {
			isa = PBXGroup;
			children = (
				680A090D2ABCCCD400EC1048 /* CollectionCompositeViewController.swift */,
				68E81C342AC3687400D1CBEC /* CollectionCompositeViewController+.swift */,
			);
			path = ComposionalLayout;
			sourceTree = "<group>";
		};
		68F0D08E2A82A4A50021DD6D /* Picker */ = {
			isa = PBXGroup;
			children = (
				68F0D08A2A829FD90021DD6D /* PickerViewController.swift */,
				68F0D08C2A82A49F0021DD6D /* PickerInputViewController.swift */,
			);
			path = Picker;
			sourceTree = "<group>";
		};
		68F2FF8E295DE025005A7737 = {
			isa = PBXGroup;
			children = (
				68F2FF99295DE025005A7737 /* Swift-UIKit */,
				68F2FFB0295DE027005A7737 /* Swift-UIKitTests */,
				68F2FFBA295DE027005A7737 /* Swift-UIKitUITests */,
				68F2FF98295DE025005A7737 /* Products */,
				E0ACA0443CAAD29ED8271517 /* Pods */,
				6DEFBF1EAB2BD197F3EDF805 /* Frameworks */,
			);
			sourceTree = "<group>";
		};
		68F2FF98295DE025005A7737 /* Products */ = {
			isa = PBXGroup;
			children = (
				68F2FF97295DE025005A7737 /* Swift-UIKit.app */,
				68F2FFAD295DE027005A7737 /* Swift-UIKitTests.xctest */,
				68F2FFB7295DE027005A7737 /* Swift-UIKitUITests.xctest */,
			);
			name = Products;
			sourceTree = "<group>";
		};
		68F2FF99295DE025005A7737 /* Swift-UIKit */ = {
			isa = PBXGroup;
			children = (
				68F2FF9A295DE025005A7737 /* AppDelegate.swift */,
				68F2FF9C295DE025005A7737 /* SceneDelegate.swift */,
				68FF94322AC8359A0045EF19 /* UserFake.json */,
				68FF94342AC8369E0045EF19 /* User.swift */,
				68F2FFD1295DEF0F005A7737 /* ListViewController */,
				68F2FFA0295DE025005A7737 /* Main.storyboard */,
				68F2FFA3295DE027005A7737 /* Assets.xcassets */,
				68F2FFA5295DE027005A7737 /* LaunchScreen.storyboard */,
				68F2FFA8295DE027005A7737 /* Info.plist */,
				681AEF932AC8704B001EACB6 /* ViewComponents */,
				6865017B2A3C657F00DF6562 /* Views */,
				68981E0429FEC8F30085B887 /* TestViewController.swift */,
				68981E0629FEC9000085B887 /* SettingsViewController.swift */,
				6890A8BC2A1AB009004D619F /* AdvancedViewController.swift */,
				6815D7D92A3D0A7F0036983D /* Utils */,
			);
			path = "Swift-UIKit";
			sourceTree = "<group>";
		};
		68F2FFB0295DE027005A7737 /* Swift-UIKitTests */ = {
			isa = PBXGroup;
			children = (
				68F2FFB1295DE027005A7737 /* Swift_UIKitTests.swift */,
			);
			path = "Swift-UIKitTests";
			sourceTree = "<group>";
		};
		68F2FFBA295DE027005A7737 /* Swift-UIKitUITests */ = {
			isa = PBXGroup;
			children = (
				68F2FFBB295DE027005A7737 /* Swift_UIKitUITests.swift */,
				68F2FFBD295DE027005A7737 /* Swift_UIKitUITestsLaunchTests.swift */,
			);
			path = "Swift-UIKitUITests";
			sourceTree = "<group>";
		};
		68F2FFD1295DEF0F005A7737 /* ListViewController */ = {
			isa = PBXGroup;
			children = (
				68F2FF9E295DE025005A7737 /* ReminderListViewController.swift */,
				68F2FFD2295DEF1C005A7737 /* Controller+DataSource.swift */,
				68F2FFD6295DF87B005A7737 /* ReminderViewController+Section.swift */,
			);
			path = ListViewController;
			sourceTree = "<group>";
		};
		68F895AA2AC9E784005A1C5A /* Search */ = {
			isa = PBXGroup;
			children = (
				681AEF8F2AC86698001EACB6 /* SearchCollections.swift */,
				68F895AB2AC9E79C005A1C5A /* navigationSearch */,
				68F895AC2AC9E7B9005A1C5A /* customSearch */,
			);
			path = Search;
			sourceTree = "<group>";
		};
		68F895AB2AC9E79C005A1C5A /* navigationSearch */ = {
			isa = PBXGroup;
			children = (
				685828FF2AC7CE4E00DE4126 /* NavigationSearchViewController.swift */,
				68F895AF2ACA044F005A1C5A /* SearchResultViewController.swift */,
			);
			path = navigationSearch;
			sourceTree = "<group>";
		};
		68F895AC2AC9E7B9005A1C5A /* customSearch */ = {
			isa = PBXGroup;
			children = (
				68FF942E2AC82EA30045EF19 /* SearchBarViewController.swift */,
				685829032AC7D17900DE4126 /* SearchBar.swift */,
				68F895A62AC9E5DC005A1C5A /* SearchBar+TextField.swift */,
			);
			path = customSearch;
			sourceTree = "<group>";
		};
		6DEFBF1EAB2BD197F3EDF805 /* Frameworks */ = {
			isa = PBXGroup;
			children = (
				5CF7D0FB1CE0F38B56D7FE4C /* Pods_Swift_UIKit.framework */,
				4CD608D5B9CF056C6C6BC12E /* Pods_Swift_UIKit_Swift_UIKitUITests.framework */,
				492BC56ADD1404AA14782F30 /* Pods_Swift_UIKitTests.framework */,
			);
			name = Frameworks;
			sourceTree = "<group>";
		};
		E0ACA0443CAAD29ED8271517 /* Pods */ = {
			isa = PBXGroup;
			children = (
				C8D18FFFCD0782DB466BCDDA /* Pods-Swift-UIKit.debug.xcconfig */,
				531167DACD1AFCC2BC862C78 /* Pods-Swift-UIKit.release.xcconfig */,
				9E4A6F9FEC929E971283FB99 /* Pods-Swift-UIKit-Swift-UIKitUITests.debug.xcconfig */,
				A47E3ECDBE71D1ABCA3CAC42 /* Pods-Swift-UIKit-Swift-UIKitUITests.release.xcconfig */,
				DBEB2EA065FC6474F03BE025 /* Pods-Swift-UIKitTests.debug.xcconfig */,
				8AF0AD3FEB18648D0EE90C28 /* Pods-Swift-UIKitTests.release.xcconfig */,
			);
			path = Pods;
			sourceTree = "<group>";
		};
/* End PBXGroup section */

/* Begin PBXNativeTarget section */
		68F2FF96295DE025005A7737 /* Swift-UIKit */ = {
			isa = PBXNativeTarget;
			buildConfigurationList = 68F2FFC1295DE027005A7737 /* Build configuration list for PBXNativeTarget "Swift-UIKit" */;
			buildPhases = (
				9F5CA87F46E84094EB90E31C /* [CP] Check Pods Manifest.lock */,
				68F2FF93295DE025005A7737 /* Sources */,
				68F2FF94295DE025005A7737 /* Frameworks */,
				68F2FF95295DE025005A7737 /* Resources */,
				DF95658BA05AABC25E0B322B /* [CP] Embed Pods Frameworks */,
			);
			buildRules = (
			);
			dependencies = (
			);
			name = "Swift-UIKit";
			productName = "Swift-UIKit";
			productReference = 68F2FF97295DE025005A7737 /* Swift-UIKit.app */;
			productType = "com.apple.product-type.application";
		};
		68F2FFAC295DE027005A7737 /* Swift-UIKitTests */ = {
			isa = PBXNativeTarget;
			buildConfigurationList = 68F2FFC4295DE027005A7737 /* Build configuration list for PBXNativeTarget "Swift-UIKitTests" */;
			buildPhases = (
				14C7A96FDD8D853A85DB60BD /* [CP] Check Pods Manifest.lock */,
				68F2FFA9295DE027005A7737 /* Sources */,
				68F2FFAA295DE027005A7737 /* Frameworks */,
				68F2FFAB295DE027005A7737 /* Resources */,
			);
			buildRules = (
			);
			dependencies = (
				68F2FFAF295DE027005A7737 /* PBXTargetDependency */,
			);
			name = "Swift-UIKitTests";
			productName = "Swift-UIKitTests";
			productReference = 68F2FFAD295DE027005A7737 /* Swift-UIKitTests.xctest */;
			productType = "com.apple.product-type.bundle.unit-test";
		};
		68F2FFB6295DE027005A7737 /* Swift-UIKitUITests */ = {
			isa = PBXNativeTarget;
			buildConfigurationList = 68F2FFC7295DE027005A7737 /* Build configuration list for PBXNativeTarget "Swift-UIKitUITests" */;
			buildPhases = (
				D17243B38A0813FCF2AC8808 /* [CP] Check Pods Manifest.lock */,
				68F2FFB3295DE027005A7737 /* Sources */,
				68F2FFB4295DE027005A7737 /* Frameworks */,
				68F2FFB5295DE027005A7737 /* Resources */,
				FB3981E449E8682D0B9F5BC3 /* [CP] Embed Pods Frameworks */,
			);
			buildRules = (
			);
			dependencies = (
				68F2FFB9295DE027005A7737 /* PBXTargetDependency */,
			);
			name = "Swift-UIKitUITests";
			productName = "Swift-UIKitUITests";
			productReference = 68F2FFB7295DE027005A7737 /* Swift-UIKitUITests.xctest */;
			productType = "com.apple.product-type.bundle.ui-testing";
		};
/* End PBXNativeTarget section */

/* Begin PBXProject section */
		68F2FF8F295DE025005A7737 /* Project object */ = {
			isa = PBXProject;
			attributes = {
				BuildIndependentTargetsInParallel = 1;
				LastSwiftUpdateCheck = 1420;
				LastUpgradeCheck = 1420;
				TargetAttributes = {
					68F2FF96295DE025005A7737 = {
						CreatedOnToolsVersion = 14.2;
					};
					68F2FFAC295DE027005A7737 = {
						CreatedOnToolsVersion = 14.2;
						TestTargetID = 68F2FF96295DE025005A7737;
					};
					68F2FFB6295DE027005A7737 = {
						CreatedOnToolsVersion = 14.2;
						TestTargetID = 68F2FF96295DE025005A7737;
					};
				};
			};
			buildConfigurationList = 68F2FF92295DE025005A7737 /* Build configuration list for PBXProject "Swift-UIKit" */;
			compatibilityVersion = "Xcode 14.0";
			developmentRegion = en;
			hasScannedForEncodings = 0;
			knownRegions = (
				en,
				Base,
			);
			mainGroup = 68F2FF8E295DE025005A7737;
			productRefGroup = 68F2FF98295DE025005A7737 /* Products */;
			projectDirPath = "";
			projectRoot = "";
			targets = (
				68F2FF96295DE025005A7737 /* Swift-UIKit */,
				68F2FFAC295DE027005A7737 /* Swift-UIKitTests */,
				68F2FFB6295DE027005A7737 /* Swift-UIKitUITests */,
			);
		};
/* End PBXProject section */

/* Begin PBXResourcesBuildPhase section */
		68F2FF95295DE025005A7737 /* Resources */ = {
			isa = PBXResourcesBuildPhase;
			buildActionMask = 2147483647;
			files = (
				68F2FFA7295DE027005A7737 /* LaunchScreen.storyboard in Resources */,
				68F2FFA4295DE027005A7737 /* Assets.xcassets in Resources */,
				68F2FFA2295DE025005A7737 /* Main.storyboard in Resources */,
				68FF94332AC8359A0045EF19 /* UserFake.json in Resources */,
			);
			runOnlyForDeploymentPostprocessing = 0;
		};
		68F2FFAB295DE027005A7737 /* Resources */ = {
			isa = PBXResourcesBuildPhase;
			buildActionMask = 2147483647;
			files = (
			);
			runOnlyForDeploymentPostprocessing = 0;
		};
		68F2FFB5295DE027005A7737 /* Resources */ = {
			isa = PBXResourcesBuildPhase;
			buildActionMask = 2147483647;
			files = (
			);
			runOnlyForDeploymentPostprocessing = 0;
		};
/* End PBXResourcesBuildPhase section */

/* Begin PBXShellScriptBuildPhase section */
		14C7A96FDD8D853A85DB60BD /* [CP] Check Pods Manifest.lock */ = {
			isa = PBXShellScriptBuildPhase;
			buildActionMask = 2147483647;
			files = (
			);
			inputFileListPaths = (
			);
			inputPaths = (
				"${PODS_PODFILE_DIR_PATH}/Podfile.lock",
				"${PODS_ROOT}/Manifest.lock",
			);
			name = "[CP] Check Pods Manifest.lock";
			outputFileListPaths = (
			);
			outputPaths = (
				"$(DERIVED_FILE_DIR)/Pods-Swift-UIKitTests-checkManifestLockResult.txt",
			);
			runOnlyForDeploymentPostprocessing = 0;
			shellPath = /bin/sh;
			shellScript = "diff \"${PODS_PODFILE_DIR_PATH}/Podfile.lock\" \"${PODS_ROOT}/Manifest.lock\" > /dev/null\nif [ $? != 0 ] ; then\n    # print error to STDERR\n    echo \"error: The sandbox is not in sync with the Podfile.lock. Run 'pod install' or update your CocoaPods installation.\" >&2\n    exit 1\nfi\n# This output is used by Xcode 'outputs' to avoid re-running this script phase.\necho \"SUCCESS\" > \"${SCRIPT_OUTPUT_FILE_0}\"\n";
			showEnvVarsInLog = 0;
		};
		9F5CA87F46E84094EB90E31C /* [CP] Check Pods Manifest.lock */ = {
			isa = PBXShellScriptBuildPhase;
			buildActionMask = 2147483647;
			files = (
			);
			inputFileListPaths = (
			);
			inputPaths = (
				"${PODS_PODFILE_DIR_PATH}/Podfile.lock",
				"${PODS_ROOT}/Manifest.lock",
			);
			name = "[CP] Check Pods Manifest.lock";
			outputFileListPaths = (
			);
			outputPaths = (
				"$(DERIVED_FILE_DIR)/Pods-Swift-UIKit-checkManifestLockResult.txt",
			);
			runOnlyForDeploymentPostprocessing = 0;
			shellPath = /bin/sh;
			shellScript = "diff \"${PODS_PODFILE_DIR_PATH}/Podfile.lock\" \"${PODS_ROOT}/Manifest.lock\" > /dev/null\nif [ $? != 0 ] ; then\n    # print error to STDERR\n    echo \"error: The sandbox is not in sync with the Podfile.lock. Run 'pod install' or update your CocoaPods installation.\" >&2\n    exit 1\nfi\n# This output is used by Xcode 'outputs' to avoid re-running this script phase.\necho \"SUCCESS\" > \"${SCRIPT_OUTPUT_FILE_0}\"\n";
			showEnvVarsInLog = 0;
		};
		D17243B38A0813FCF2AC8808 /* [CP] Check Pods Manifest.lock */ = {
			isa = PBXShellScriptBuildPhase;
			buildActionMask = 2147483647;
			files = (
			);
			inputFileListPaths = (
			);
			inputPaths = (
				"${PODS_PODFILE_DIR_PATH}/Podfile.lock",
				"${PODS_ROOT}/Manifest.lock",
			);
			name = "[CP] Check Pods Manifest.lock";
			outputFileListPaths = (
			);
			outputPaths = (
				"$(DERIVED_FILE_DIR)/Pods-Swift-UIKit-Swift-UIKitUITests-checkManifestLockResult.txt",
			);
			runOnlyForDeploymentPostprocessing = 0;
			shellPath = /bin/sh;
			shellScript = "diff \"${PODS_PODFILE_DIR_PATH}/Podfile.lock\" \"${PODS_ROOT}/Manifest.lock\" > /dev/null\nif [ $? != 0 ] ; then\n    # print error to STDERR\n    echo \"error: The sandbox is not in sync with the Podfile.lock. Run 'pod install' or update your CocoaPods installation.\" >&2\n    exit 1\nfi\n# This output is used by Xcode 'outputs' to avoid re-running this script phase.\necho \"SUCCESS\" > \"${SCRIPT_OUTPUT_FILE_0}\"\n";
			showEnvVarsInLog = 0;
		};
		DF95658BA05AABC25E0B322B /* [CP] Embed Pods Frameworks */ = {
			isa = PBXShellScriptBuildPhase;
			buildActionMask = 2147483647;
			files = (
			);
			inputFileListPaths = (
				"${PODS_ROOT}/Target Support Files/Pods-Swift-UIKit/Pods-Swift-UIKit-frameworks-${CONFIGURATION}-input-files.xcfilelist",
			);
			name = "[CP] Embed Pods Frameworks";
			outputFileListPaths = (
				"${PODS_ROOT}/Target Support Files/Pods-Swift-UIKit/Pods-Swift-UIKit-frameworks-${CONFIGURATION}-output-files.xcfilelist",
			);
			runOnlyForDeploymentPostprocessing = 0;
			shellPath = /bin/sh;
			shellScript = "\"${PODS_ROOT}/Target Support Files/Pods-Swift-UIKit/Pods-Swift-UIKit-frameworks.sh\"\n";
			showEnvVarsInLog = 0;
		};
		FB3981E449E8682D0B9F5BC3 /* [CP] Embed Pods Frameworks */ = {
			isa = PBXShellScriptBuildPhase;
			buildActionMask = 2147483647;
			files = (
			);
			inputFileListPaths = (
				"${PODS_ROOT}/Target Support Files/Pods-Swift-UIKit-Swift-UIKitUITests/Pods-Swift-UIKit-Swift-UIKitUITests-frameworks-${CONFIGURATION}-input-files.xcfilelist",
			);
			name = "[CP] Embed Pods Frameworks";
			outputFileListPaths = (
				"${PODS_ROOT}/Target Support Files/Pods-Swift-UIKit-Swift-UIKitUITests/Pods-Swift-UIKit-Swift-UIKitUITests-frameworks-${CONFIGURATION}-output-files.xcfilelist",
			);
			runOnlyForDeploymentPostprocessing = 0;
			shellPath = /bin/sh;
			shellScript = "\"${PODS_ROOT}/Target Support Files/Pods-Swift-UIKit-Swift-UIKitUITests/Pods-Swift-UIKit-Swift-UIKitUITests-frameworks.sh\"\n";
			showEnvVarsInLog = 0;
		};
/* End PBXShellScriptBuildPhase section */

/* Begin PBXSourcesBuildPhase section */
		68F2FF93295DE025005A7737 /* Sources */ = {
			isa = PBXSourcesBuildPhase;
			buildActionMask = 2147483647;
			files = (
				68981E0529FEC8F30085B887 /* TestViewController.swift in Sources */,
				68F895B02ACA044F005A1C5A /* SearchResultViewController.swift in Sources */,
				68A588742A34DD8E00F0A8CD /* BasicCollectionViewController.swift in Sources */,
				680A08FE2ABC7FD900EC1048 /* ProgressViewController.swift in Sources */,
				684F50212A8EAABF0032985D /* UILabel+.swift in Sources */,
				68FF94352AC8369E0045EF19 /* User.swift in Sources */,
				68F2FFD3295DEF1C005A7737 /* Controller+DataSource.swift in Sources */,
				686A13C32A8EB188005A9C0C /* LabelPaddingViewController.swift in Sources */,
				681AEF922AC866BA001EACB6 /* DefaultCollectionCell.swift in Sources */,
				6815D7E52A3D4BE50036983D /* CustomTableViewCell.swift in Sources */,
				684F50152A8E936D0032985D /* ButtonToggleViewController.swift in Sources */,
				68E3BB4D2A828D6F00874745 /* UIViewController+.swift in Sources */,
				684F50132A8E84E00032985D /* ButtonCollectionViewController.swift in Sources */,
				68F2FF9F295DE025005A7737 /* ReminderListViewController.swift in Sources */,
				68F0D08D2A82A49F0021DD6D /* PickerInputViewController.swift in Sources */,
				6815D7DB2A3D0A9B0036983D /* PreviewProvider.swift in Sources */,
				68665AFA2A6199DC006120E0 /* VStackViewController.swift in Sources */,
				680A09102ABCCDA900EC1048 /* PageViewController.swift in Sources */,
				684F501F2A8EAA4F0032985D /* TextFieldViewController.swift in Sources */,
				68E3BB4B2A82858700874745 /* ButtonTypeViewController.swift in Sources */,
				684F501B2A8EA0D90032985D /* ButtonPullDownViewController.swift in Sources */,
				681AEF902AC86698001EACB6 /* SearchCollections.swift in Sources */,
				680A09082ABCCAB000EC1048 /* CollectionViewController.swift in Sources */,
				680A090C2ABCCAFF00EC1048 /* CollectionFooterReusableView.swift in Sources */,
				681DB1AA2AB35FBC0034B8FD /* UIColor+.swift in Sources */,
				68A588762A34E5DF00F0A8CD /* LabelViewController.swift in Sources */,
				68F895AE2AC9E9A3005A1C5A /* CollectionViewLayout.swift in Sources */,
				684F501D2A8EA78A0032985D /* ButtonContextMenuViewController.swift in Sources */,
				68665AF02A60FD4C006120E0 /* BasicCollectionViewCell.swift in Sources */,
				68665AF82A6193E2006120E0 /* HStackViewController.swift in Sources */,
				68602E642A829B4F001349C8 /* AlertViewController.swift in Sources */,
				68E3BB512A82928600874745 /* ButtonCornerViewController.swift in Sources */,
				68981E0929FEC90F0085B887 /* HomeTabViewController.swift in Sources */,
				681DB1A52AB3574A0034B8FD /* StepperViewController.swift in Sources */,
				6866EBE12ABE277200E16F02 /* StackPageViewController.swift in Sources */,
				68FF942F2AC82EA30045EF19 /* SearchBarViewController.swift in Sources */,
				68F0D08B2A829FD90021DD6D /* PickerViewController.swift in Sources */,
				6815D7E12A3D4B7A0036983D /* TableViewController.swift in Sources */,
				684F50252A8EADEC0032985D /* UISegmentViewController.swift in Sources */,
				683093B0296C7FDF00A7228A /* ButtonViewController.swift in Sources */,
				684F50172A8E9C9D0032985D /* ButtonSwitchViewController.swift in Sources */,
				68F895A72AC9E5DC005A1C5A /* SearchBar+TextField.swift in Sources */,
				685829022AC7D03800DE4126 /* UISearchBar+.swift in Sources */,
				68665AF22A618134006120E0 /* UIControl+.swift in Sources */,
				680A090A2ABCCAEC00EC1048 /* CollectionHeaderReusableView.swift in Sources */,
				68E81C352AC3687400D1CBEC /* CollectionCompositeViewController+.swift in Sources */,
				684F50192A8EA0BF0032985D /* ButtonPopUpViewController.swift in Sources */,
				68F2FF9B295DE025005A7737 /* AppDelegate.swift in Sources */,
				6815D7DF2A3D292B0036983D /* UIScreen+.swift in Sources */,
				684F50232A8EAB720032985D /* UITextField+.swift in Sources */,
				68E3BB4F2A828E1800874745 /* ButtonFontViewController.swift in Sources */,
				680A09062ABCCA8300EC1048 /* CollectionViewCell.swift in Sources */,
				681DB1A82AB35F1D0034B8FD /* SliderViewController.swift in Sources */,
				68981E0729FEC9000085B887 /* SettingsViewController.swift in Sources */,
				681AEF952AC8705E001EACB6 /* UserCollectionCell.swift in Sources */,
				680A090E2ABCCCD400EC1048 /* CollectionCompositeViewController.swift in Sources */,
				685829042AC7D17900DE4126 /* SearchBar.swift in Sources */,
				6815D7E32A3D4BC60036983D /* CustomTableViewController.swift in Sources */,
				68E81C302AC35F1200D1CBEC /* CollectionViewController+.swift in Sources */,
				6866EBDF2ABE08D600E16F02 /* ScrollPageViewController.swift in Sources */,
				688F36282A362ACD00518039 /* LabelScrollViewController.swift in Sources */,
				686A13C52A8EB1BA005A9C0C /* LabelCollectionViewController.swift in Sources */,
				68F2FFD7295DF87B005A7737 /* ReminderViewController+Section.swift in Sources */,
				685829002AC7CE4E00DE4126 /* NavigationSearchViewController.swift in Sources */,
				6815D7DD2A3D0AF90036983D /* CGRectViewController.swift in Sources */,
				68F2FF9D295DE025005A7737 /* SceneDelegate.swift in Sources */,
				6890A8BD2A1AB009004D619F /* AdvancedViewController.swift in Sources */,
				68FF94312AC8337F0045EF19 /* ModelDataLoader.swift in Sources */,
			);
			runOnlyForDeploymentPostprocessing = 0;
		};
		68F2FFA9295DE027005A7737 /* Sources */ = {
			isa = PBXSourcesBuildPhase;
			buildActionMask = 2147483647;
			files = (
				68F2FFB2295DE027005A7737 /* Swift_UIKitTests.swift in Sources */,
			);
			runOnlyForDeploymentPostprocessing = 0;
		};
		68F2FFB3295DE027005A7737 /* Sources */ = {
			isa = PBXSourcesBuildPhase;
			buildActionMask = 2147483647;
			files = (
				68F2FFBC295DE027005A7737 /* Swift_UIKitUITests.swift in Sources */,
				68F2FFBE295DE027005A7737 /* Swift_UIKitUITestsLaunchTests.swift in Sources */,
			);
			runOnlyForDeploymentPostprocessing = 0;
		};
/* End PBXSourcesBuildPhase section */

/* Begin PBXTargetDependency section */
		68F2FFAF295DE027005A7737 /* PBXTargetDependency */ = {
			isa = PBXTargetDependency;
			target = 68F2FF96295DE025005A7737 /* Swift-UIKit */;
			targetProxy = 68F2FFAE295DE027005A7737 /* PBXContainerItemProxy */;
		};
		68F2FFB9295DE027005A7737 /* PBXTargetDependency */ = {
			isa = PBXTargetDependency;
			target = 68F2FF96295DE025005A7737 /* Swift-UIKit */;
			targetProxy = 68F2FFB8295DE027005A7737 /* PBXContainerItemProxy */;
		};
/* End PBXTargetDependency section */

/* Begin PBXVariantGroup section */
		68F2FFA0295DE025005A7737 /* Main.storyboard */ = {
			isa = PBXVariantGroup;
			children = (
				68F2FFA1295DE025005A7737 /* Base */,
			);
			name = Main.storyboard;
			sourceTree = "<group>";
		};
		68F2FFA5295DE027005A7737 /* LaunchScreen.storyboard */ = {
			isa = PBXVariantGroup;
			children = (
				68F2FFA6295DE027005A7737 /* Base */,
			);
			name = LaunchScreen.storyboard;
			sourceTree = "<group>";
		};
/* End PBXVariantGroup section */

/* Begin XCBuildConfiguration section */
		68F2FFBF295DE027005A7737 /* Debug */ = {
			isa = XCBuildConfiguration;
			buildSettings = {
				ALWAYS_SEARCH_USER_PATHS = NO;
				CLANG_ANALYZER_NONNULL = YES;
				CLANG_ANALYZER_NUMBER_OBJECT_CONVERSION = YES_AGGRESSIVE;
				CLANG_CXX_LANGUAGE_STANDARD = "gnu++20";
				CLANG_ENABLE_MODULES = YES;
				CLANG_ENABLE_OBJC_ARC = YES;
				CLANG_ENABLE_OBJC_WEAK = YES;
				CLANG_WARN_BLOCK_CAPTURE_AUTORELEASING = YES;
				CLANG_WARN_BOOL_CONVERSION = YES;
				CLANG_WARN_COMMA = YES;
				CLANG_WARN_CONSTANT_CONVERSION = YES;
				CLANG_WARN_DEPRECATED_OBJC_IMPLEMENTATIONS = YES;
				CLANG_WARN_DIRECT_OBJC_ISA_USAGE = YES_ERROR;
				CLANG_WARN_DOCUMENTATION_COMMENTS = YES;
				CLANG_WARN_EMPTY_BODY = YES;
				CLANG_WARN_ENUM_CONVERSION = YES;
				CLANG_WARN_INFINITE_RECURSION = YES;
				CLANG_WARN_INT_CONVERSION = YES;
				CLANG_WARN_NON_LITERAL_NULL_CONVERSION = YES;
				CLANG_WARN_OBJC_IMPLICIT_RETAIN_SELF = YES;
				CLANG_WARN_OBJC_LITERAL_CONVERSION = YES;
				CLANG_WARN_OBJC_ROOT_CLASS = YES_ERROR;
				CLANG_WARN_QUOTED_INCLUDE_IN_FRAMEWORK_HEADER = YES;
				CLANG_WARN_RANGE_LOOP_ANALYSIS = YES;
				CLANG_WARN_STRICT_PROTOTYPES = YES;
				CLANG_WARN_SUSPICIOUS_MOVE = YES;
				CLANG_WARN_UNGUARDED_AVAILABILITY = YES_AGGRESSIVE;
				CLANG_WARN_UNREACHABLE_CODE = YES;
				CLANG_WARN__DUPLICATE_METHOD_MATCH = YES;
				COPY_PHASE_STRIP = NO;
				DEBUG_INFORMATION_FORMAT = dwarf;
				ENABLE_STRICT_OBJC_MSGSEND = YES;
				ENABLE_TESTABILITY = YES;
				GCC_C_LANGUAGE_STANDARD = gnu11;
				GCC_DYNAMIC_NO_PIC = NO;
				GCC_NO_COMMON_BLOCKS = YES;
				GCC_OPTIMIZATION_LEVEL = 0;
				GCC_PREPROCESSOR_DEFINITIONS = (
					"DEBUG=1",
					"$(inherited)",
				);
				GCC_WARN_64_TO_32_BIT_CONVERSION = YES;
				GCC_WARN_ABOUT_RETURN_TYPE = YES_ERROR;
				GCC_WARN_UNDECLARED_SELECTOR = YES;
				GCC_WARN_UNINITIALIZED_AUTOS = YES_AGGRESSIVE;
				GCC_WARN_UNUSED_FUNCTION = YES;
				GCC_WARN_UNUSED_VARIABLE = YES;
				IPHONEOS_DEPLOYMENT_TARGET = 15.6;
				MTL_ENABLE_DEBUG_INFO = INCLUDE_SOURCE;
				MTL_FAST_MATH = YES;
				ONLY_ACTIVE_ARCH = YES;
				SDKROOT = iphoneos;
				SWIFT_ACTIVE_COMPILATION_CONDITIONS = DEBUG;
				SWIFT_OPTIMIZATION_LEVEL = "-Onone";
			};
			name = Debug;
		};
		68F2FFC0295DE027005A7737 /* Release */ = {
			isa = XCBuildConfiguration;
			buildSettings = {
				ALWAYS_SEARCH_USER_PATHS = NO;
				CLANG_ANALYZER_NONNULL = YES;
				CLANG_ANALYZER_NUMBER_OBJECT_CONVERSION = YES_AGGRESSIVE;
				CLANG_CXX_LANGUAGE_STANDARD = "gnu++20";
				CLANG_ENABLE_MODULES = YES;
				CLANG_ENABLE_OBJC_ARC = YES;
				CLANG_ENABLE_OBJC_WEAK = YES;
				CLANG_WARN_BLOCK_CAPTURE_AUTORELEASING = YES;
				CLANG_WARN_BOOL_CONVERSION = YES;
				CLANG_WARN_COMMA = YES;
				CLANG_WARN_CONSTANT_CONVERSION = YES;
				CLANG_WARN_DEPRECATED_OBJC_IMPLEMENTATIONS = YES;
				CLANG_WARN_DIRECT_OBJC_ISA_USAGE = YES_ERROR;
				CLANG_WARN_DOCUMENTATION_COMMENTS = YES;
				CLANG_WARN_EMPTY_BODY = YES;
				CLANG_WARN_ENUM_CONVERSION = YES;
				CLANG_WARN_INFINITE_RECURSION = YES;
				CLANG_WARN_INT_CONVERSION = YES;
				CLANG_WARN_NON_LITERAL_NULL_CONVERSION = YES;
				CLANG_WARN_OBJC_IMPLICIT_RETAIN_SELF = YES;
				CLANG_WARN_OBJC_LITERAL_CONVERSION = YES;
				CLANG_WARN_OBJC_ROOT_CLASS = YES_ERROR;
				CLANG_WARN_QUOTED_INCLUDE_IN_FRAMEWORK_HEADER = YES;
				CLANG_WARN_RANGE_LOOP_ANALYSIS = YES;
				CLANG_WARN_STRICT_PROTOTYPES = YES;
				CLANG_WARN_SUSPICIOUS_MOVE = YES;
				CLANG_WARN_UNGUARDED_AVAILABILITY = YES_AGGRESSIVE;
				CLANG_WARN_UNREACHABLE_CODE = YES;
				CLANG_WARN__DUPLICATE_METHOD_MATCH = YES;
				COPY_PHASE_STRIP = NO;
				DEBUG_INFORMATION_FORMAT = "dwarf-with-dsym";
				ENABLE_NS_ASSERTIONS = NO;
				ENABLE_STRICT_OBJC_MSGSEND = YES;
				GCC_C_LANGUAGE_STANDARD = gnu11;
				GCC_NO_COMMON_BLOCKS = YES;
				GCC_WARN_64_TO_32_BIT_CONVERSION = YES;
				GCC_WARN_ABOUT_RETURN_TYPE = YES_ERROR;
				GCC_WARN_UNDECLARED_SELECTOR = YES;
				GCC_WARN_UNINITIALIZED_AUTOS = YES_AGGRESSIVE;
				GCC_WARN_UNUSED_FUNCTION = YES;
				GCC_WARN_UNUSED_VARIABLE = YES;
				IPHONEOS_DEPLOYMENT_TARGET = 15.6;
				MTL_ENABLE_DEBUG_INFO = NO;
				MTL_FAST_MATH = YES;
				SDKROOT = iphoneos;
				SWIFT_COMPILATION_MODE = wholemodule;
				SWIFT_OPTIMIZATION_LEVEL = "-O";
				VALIDATE_PRODUCT = YES;
			};
			name = Release;
		};
		68F2FFC2295DE027005A7737 /* Debug */ = {
			isa = XCBuildConfiguration;
			baseConfigurationReference = C8D18FFFCD0782DB466BCDDA /* Pods-Swift-UIKit.debug.xcconfig */;
			buildSettings = {
				ALWAYS_EMBED_SWIFT_STANDARD_LIBRARIES = "$(inherited)";
				ASSETCATALOG_COMPILER_APPICON_NAME = AppIcon;
				ASSETCATALOG_COMPILER_GLOBAL_ACCENT_COLOR_NAME = AccentColor;
				CODE_SIGN_STYLE = Automatic;
				CURRENT_PROJECT_VERSION = 1;
				DEVELOPMENT_TEAM = SH989XXM7S;
				GENERATE_INFOPLIST_FILE = YES;
				INFOPLIST_FILE = "Swift-UIKit/Info.plist";
				INFOPLIST_KEY_UIApplicationSupportsIndirectInputEvents = YES;
				INFOPLIST_KEY_UILaunchStoryboardName = LaunchScreen;
				INFOPLIST_KEY_UIMainStoryboardFile = Main;
				INFOPLIST_KEY_UISupportedInterfaceOrientations_iPad = "UIInterfaceOrientationPortrait UIInterfaceOrientationPortraitUpsideDown UIInterfaceOrientationLandscapeLeft UIInterfaceOrientationLandscapeRight";
				INFOPLIST_KEY_UISupportedInterfaceOrientations_iPhone = "UIInterfaceOrientationPortrait UIInterfaceOrientationLandscapeLeft UIInterfaceOrientationLandscapeRight";
				LD_RUNPATH_SEARCH_PATHS = (
					"$(inherited)",
					"@executable_path/Frameworks",
				);
				MARKETING_VERSION = 1.0;
				PRODUCT_BUNDLE_IDENTIFIER = "com.k2hoon.Swift-UIKit";
				PRODUCT_NAME = "$(TARGET_NAME)";
				SWIFT_EMIT_LOC_STRINGS = YES;
				SWIFT_VERSION = 5.0;
				TARGETED_DEVICE_FAMILY = "1,2";
			};
			name = Debug;
		};
		68F2FFC3295DE027005A7737 /* Release */ = {
			isa = XCBuildConfiguration;
			baseConfigurationReference = 531167DACD1AFCC2BC862C78 /* Pods-Swift-UIKit.release.xcconfig */;
			buildSettings = {
				ALWAYS_EMBED_SWIFT_STANDARD_LIBRARIES = "$(inherited)";
				ASSETCATALOG_COMPILER_APPICON_NAME = AppIcon;
				ASSETCATALOG_COMPILER_GLOBAL_ACCENT_COLOR_NAME = AccentColor;
				CODE_SIGN_STYLE = Automatic;
				CURRENT_PROJECT_VERSION = 1;
				DEVELOPMENT_TEAM = SH989XXM7S;
				GENERATE_INFOPLIST_FILE = YES;
				INFOPLIST_FILE = "Swift-UIKit/Info.plist";
				INFOPLIST_KEY_UIApplicationSupportsIndirectInputEvents = YES;
				INFOPLIST_KEY_UILaunchStoryboardName = LaunchScreen;
				INFOPLIST_KEY_UIMainStoryboardFile = Main;
				INFOPLIST_KEY_UISupportedInterfaceOrientations_iPad = "UIInterfaceOrientationPortrait UIInterfaceOrientationPortraitUpsideDown UIInterfaceOrientationLandscapeLeft UIInterfaceOrientationLandscapeRight";
				INFOPLIST_KEY_UISupportedInterfaceOrientations_iPhone = "UIInterfaceOrientationPortrait UIInterfaceOrientationLandscapeLeft UIInterfaceOrientationLandscapeRight";
				LD_RUNPATH_SEARCH_PATHS = (
					"$(inherited)",
					"@executable_path/Frameworks",
				);
				MARKETING_VERSION = 1.0;
				PRODUCT_BUNDLE_IDENTIFIER = "com.k2hoon.Swift-UIKit";
				PRODUCT_NAME = "$(TARGET_NAME)";
				SWIFT_EMIT_LOC_STRINGS = YES;
				SWIFT_VERSION = 5.0;
				TARGETED_DEVICE_FAMILY = "1,2";
			};
			name = Release;
		};
		68F2FFC5295DE027005A7737 /* Debug */ = {
			isa = XCBuildConfiguration;
			baseConfigurationReference = DBEB2EA065FC6474F03BE025 /* Pods-Swift-UIKitTests.debug.xcconfig */;
			buildSettings = {
				ALWAYS_EMBED_SWIFT_STANDARD_LIBRARIES = YES;
				BUNDLE_LOADER = "$(TEST_HOST)";
				CODE_SIGN_STYLE = Automatic;
				CURRENT_PROJECT_VERSION = 1;
				DEVELOPMENT_TEAM = SH989XXM7S;
				GENERATE_INFOPLIST_FILE = YES;
				IPHONEOS_DEPLOYMENT_TARGET = 16.2;
				MARKETING_VERSION = 1.0;
				PRODUCT_BUNDLE_IDENTIFIER = "com.k2hoon.Swift-UIKitTests";
				PRODUCT_NAME = "$(TARGET_NAME)";
				SWIFT_EMIT_LOC_STRINGS = NO;
				SWIFT_VERSION = 5.0;
				TARGETED_DEVICE_FAMILY = "1,2";
				TEST_HOST = "$(BUILT_PRODUCTS_DIR)/Swift-UIKit.app/$(BUNDLE_EXECUTABLE_FOLDER_PATH)/Swift-UIKit";
			};
			name = Debug;
		};
		68F2FFC6295DE027005A7737 /* Release */ = {
			isa = XCBuildConfiguration;
			baseConfigurationReference = 8AF0AD3FEB18648D0EE90C28 /* Pods-Swift-UIKitTests.release.xcconfig */;
			buildSettings = {
				ALWAYS_EMBED_SWIFT_STANDARD_LIBRARIES = YES;
				BUNDLE_LOADER = "$(TEST_HOST)";
				CODE_SIGN_STYLE = Automatic;
				CURRENT_PROJECT_VERSION = 1;
				DEVELOPMENT_TEAM = SH989XXM7S;
				GENERATE_INFOPLIST_FILE = YES;
				IPHONEOS_DEPLOYMENT_TARGET = 16.2;
				MARKETING_VERSION = 1.0;
				PRODUCT_BUNDLE_IDENTIFIER = "com.k2hoon.Swift-UIKitTests";
				PRODUCT_NAME = "$(TARGET_NAME)";
				SWIFT_EMIT_LOC_STRINGS = NO;
				SWIFT_VERSION = 5.0;
				TARGETED_DEVICE_FAMILY = "1,2";
				TEST_HOST = "$(BUILT_PRODUCTS_DIR)/Swift-UIKit.app/$(BUNDLE_EXECUTABLE_FOLDER_PATH)/Swift-UIKit";
			};
			name = Release;
		};
		68F2FFC8295DE027005A7737 /* Debug */ = {
			isa = XCBuildConfiguration;
			baseConfigurationReference = 9E4A6F9FEC929E971283FB99 /* Pods-Swift-UIKit-Swift-UIKitUITests.debug.xcconfig */;
			buildSettings = {
				ALWAYS_EMBED_SWIFT_STANDARD_LIBRARIES = "$(inherited)";
				CODE_SIGN_STYLE = Automatic;
				CURRENT_PROJECT_VERSION = 1;
				DEVELOPMENT_TEAM = SH989XXM7S;
				GENERATE_INFOPLIST_FILE = YES;
				MARKETING_VERSION = 1.0;
				PRODUCT_BUNDLE_IDENTIFIER = "com.k2hoon.Swift-UIKitUITests";
				PRODUCT_NAME = "$(TARGET_NAME)";
				SWIFT_EMIT_LOC_STRINGS = NO;
				SWIFT_VERSION = 5.0;
				TARGETED_DEVICE_FAMILY = "1,2";
				TEST_TARGET_NAME = "Swift-UIKit";
			};
			name = Debug;
		};
		68F2FFC9295DE027005A7737 /* Release */ = {
			isa = XCBuildConfiguration;
			baseConfigurationReference = A47E3ECDBE71D1ABCA3CAC42 /* Pods-Swift-UIKit-Swift-UIKitUITests.release.xcconfig */;
			buildSettings = {
				ALWAYS_EMBED_SWIFT_STANDARD_LIBRARIES = "$(inherited)";
				CODE_SIGN_STYLE = Automatic;
				CURRENT_PROJECT_VERSION = 1;
				DEVELOPMENT_TEAM = SH989XXM7S;
				GENERATE_INFOPLIST_FILE = YES;
				MARKETING_VERSION = 1.0;
				PRODUCT_BUNDLE_IDENTIFIER = "com.k2hoon.Swift-UIKitUITests";
				PRODUCT_NAME = "$(TARGET_NAME)";
				SWIFT_EMIT_LOC_STRINGS = NO;
				SWIFT_VERSION = 5.0;
				TARGETED_DEVICE_FAMILY = "1,2";
				TEST_TARGET_NAME = "Swift-UIKit";
			};
			name = Release;
		};
/* End XCBuildConfiguration section */

/* Begin XCConfigurationList section */
		68F2FF92295DE025005A7737 /* Build configuration list for PBXProject "Swift-UIKit" */ = {
			isa = XCConfigurationList;
			buildConfigurations = (
				68F2FFBF295DE027005A7737 /* Debug */,
				68F2FFC0295DE027005A7737 /* Release */,
			);
			defaultConfigurationIsVisible = 0;
			defaultConfigurationName = Release;
		};
		68F2FFC1295DE027005A7737 /* Build configuration list for PBXNativeTarget "Swift-UIKit" */ = {
			isa = XCConfigurationList;
			buildConfigurations = (
				68F2FFC2295DE027005A7737 /* Debug */,
				68F2FFC3295DE027005A7737 /* Release */,
			);
			defaultConfigurationIsVisible = 0;
			defaultConfigurationName = Release;
		};
		68F2FFC4295DE027005A7737 /* Build configuration list for PBXNativeTarget "Swift-UIKitTests" */ = {
			isa = XCConfigurationList;
			buildConfigurations = (
				68F2FFC5295DE027005A7737 /* Debug */,
				68F2FFC6295DE027005A7737 /* Release */,
			);
			defaultConfigurationIsVisible = 0;
			defaultConfigurationName = Release;
		};
		68F2FFC7295DE027005A7737 /* Build configuration list for PBXNativeTarget "Swift-UIKitUITests" */ = {
			isa = XCConfigurationList;
			buildConfigurations = (
				68F2FFC8295DE027005A7737 /* Debug */,
				68F2FFC9295DE027005A7737 /* Release */,
			);
			defaultConfigurationIsVisible = 0;
			defaultConfigurationName = Release;
		};
/* End XCConfigurationList section */
	};
	rootObject = 68F2FF8F295DE025005A7737 /* Project object */;
}
